
Microsoft Visual Studio Solution File, Format Version 12.00
# Visual Studio Version 16
VisualStudioVersion = 16.0.30907.101
MinimumVisualStudioVersion = 10.0.40219.1
Project("{FAE04EC0-301F-11D3-BF4B-00C04F79EFBC}") = "TestEx2", "TestEx2\TestEx2.csproj", "{8C7AE4EF-0572-4273-AAA9-5CA7681EDCB8}"
EndProject
Global
	GlobalSection(SolutionConfigurationPlatforms) = preSolution
		Debug|Any CPU = Debug|Any CPU
		Release|Any CPU = Release|Any CPU
	EndGlobalSection
	GlobalSection(ProjectConfigurationPlatforms) = postSolution
		{8C7AE4EF-0572-4273-AAA9-5CA7681EDCB8}.Debug|Any CPU.ActiveCfg = Debug|Any CPU
		{8C7AE4EF-0572-4273-AAA9-5CA7681EDCB8}.Debug|Any CPU.Build.0 = Debug|Any CPU
		{8C7AE4EF-0572-4273-AAA9-5CA7681EDCB8}.Release|Any CPU.ActiveCfg = Release|Any CPU
		{8C7AE4EF-0572-4273-AAA9-5CA7681EDCB8}.Release|Any CPU.Build.0 = Release|Any CPU
	EndGlobalSection
	GlobalSection(SolutionProperties) = preSolution
		HideSolutionNode = FALSE
	EndGlobalSection
	GlobalSection(ExtensibilityGlobals) = postSolution
		SolutionGuid = {C6B1D994-EC44-4CF0-AE67-1C6DF6120005}
	EndGlobalSection
EndGlobal
